
Microsoft Visual Studio Solution File, Format Version 12.00
# Visual Studio Version 17
VisualStudioVersion = 17.4.33213.308
MinimumVisualStudioVersion = 10.0.40219.1
Project("{FAE04EC0-301F-11D3-BF4B-00C04F79EFBC}") = "ScrapyZoopla", "ScrapyZoopla\ScrapyZoopla.csproj", "{172A7067-EF1C-4A80-9006-51A59F4FF921}"
EndProject
Global
	GlobalSection(SolutionConfigurationPlatforms) = preSolution
		Debug|Any CPU = Debug|Any CPU
		Release|Any CPU = Release|Any CPU
	EndGlobalSection
	GlobalSection(ProjectConfigurationPlatforms) = postSolution
		{172A7067-EF1C-4A80-9006-51A59F4FF921}.Debug|Any CPU.ActiveCfg = Debug|Any CPU
		{172A7067-EF1C-4A80-9006-51A59F4FF921}.Debug|Any CPU.Build.0 = Debug|Any CPU
		{172A7067-EF1C-4A80-9006-51A59F4FF921}.Release|Any CPU.ActiveCfg = Release|Any CPU
		{172A7067-EF1C-4A80-9006-51A59F4FF921}.Release|Any CPU.Build.0 = Release|Any CPU
	EndGlobalSection
	GlobalSection(SolutionProperties) = preSolution
		HideSolutionNode = FALSE
	EndGlobalSection
	GlobalSection(ExtensibilityGlobals) = postSolution
		SolutionGuid = {36883113-97AD-4ED4-B6DB-B4ABA753EC7C}
	EndGlobalSection
EndGlobal
